PODS:
  - AeroGearSync (0.1.0):
    - DiffMatchPatch (= 0.1.1)
  - DiffMatchPatch (0.1.1)
  - Starscream (0.9.1)
  - SwiftyJSON (2.1.2)

DEPENDENCIES:
  - AeroGearSync (from `https://github.com/danbev/aerogear-ios-sync.git`, branch `master`)
  - Starscream (from `https://github.com/daltoniam/Starscream.git`, branch `master`)
  - SwiftyJSON (from `https://github.com/danbev/SwiftyJSON.git`, branch `cocoapods`)

EXTERNAL SOURCES:
  AeroGearSync:
    :branch: master
    :git: https://github.com/danbev/aerogear-ios-sync.git
  Starscream:
    :branch: master
    :git: https://github.com/daltoniam/Starscream.git
  SwiftyJSON:
    :branch: cocoapods
    :git: https://github.com/danbev/SwiftyJSON.git

CHECKOUT OPTIONS:
  AeroGearSync:
    :commit: 8323aa665d8e01f795d43a603d8e82e6935e4763
    :git: https://github.com/danbev/aerogear-ios-sync.git
  Starscream:
    :commit: f8dfae1e6065fc41e8bd2c18349e5b30ca73d2be
    :git: https://github.com/daltoniam/Starscream.git
  SwiftyJSON:
    :commit: e0359370bf0801dd21e16ce60069ca6aceec3d27
    :git: https://github.com/danbev/SwiftyJSON.git

SPEC CHECKSUMS:
  AeroGearSync: 4c9a74a8ce20b8d241b0ba9894cc01ea7758e3ec
  DiffMatchPatch: 4fc78db33f72e29041b97a36ff6b670bf3e288e1
  Starscream: 6fcbd646fc23bbc55bb27d3479eb3a2758abe1e6
  SwiftyJSON: b03e3fcc0340816a7935802f5fd39510e3543bd5

COCOAPODS: 0.36.0.beta.1
